
Microsoft Visual Studio Solution File, Format Version 11.00
# Visual Studio 2010
Project("{FAE04EC0-301F-11D3-BF4B-00C04F79EFBC}") = "Assembly-CSharp", "Assembly-CSharp.csproj", "{E0D0A6F7-F315-E6BA-DEC8-50A459A1C8F9}"
EndProject
Project("{FAE04EC0-301F-11D3-BF4B-00C04F79EFBC}") = "Assembly-CSharp-Editor", "Assembly-CSharp-Editor.csproj", "{187DD7C3-903D-0406-ABC7-C3ADCF14CB99}"
EndProject
Global
	GlobalSection(SolutionConfigurationPlatforms) = preSolution
		Debug|Any CPU = Debug|Any CPU
		Release|Any CPU = Release|Any CPU
	EndGlobalSection
	GlobalSection(ProjectConfigurationPlatforms) = postSolution
		{E0D0A6F7-F315-E6BA-DEC8-50A459A1C8F9}.Debug|Any CPU.ActiveCfg = Debug|Any CPU
		{E0D0A6F7-F315-E6BA-DEC8-50A459A1C8F9}.Debug|Any CPU.Build.0 = Debug|Any CPU
		{E0D0A6F7-F315-E6BA-DEC8-50A459A1C8F9}.Release|Any CPU.ActiveCfg = Release|Any CPU
		{E0D0A6F7-F315-E6BA-DEC8-50A459A1C8F9}.Release|Any CPU.Build.0 = Release|Any CPU
		{187DD7C3-903D-0406-ABC7-C3ADCF14CB99}.Debug|Any CPU.ActiveCfg = Debug|Any CPU
		{187DD7C3-903D-0406-ABC7-C3ADCF14CB99}.Debug|Any CPU.Build.0 = Debug|Any CPU
		{187DD7C3-903D-0406-ABC7-C3ADCF14CB99}.Release|Any CPU.ActiveCfg = Release|Any CPU
		{187DD7C3-903D-0406-ABC7-C3ADCF14CB99}.Release|Any CPU.Build.0 = Release|Any CPU
	EndGlobalSection
	GlobalSection(SolutionProperties) = preSolution
		HideSolutionNode = FALSE
	EndGlobalSection
EndGlobal
